
Microsoft Visual Studio Solution File, Format Version 12.00
# Visual Studio 2012
Project("{FAE04EC0-301F-11D3-BF4B-00C04F79EFBC}") = "LightServer", "LightServer\LightServer.csproj", "{8246EBF0-1BD1-401F-8677-35949A8DD93A}"
EndProject
Project("{FAE04EC0-301F-11D3-BF4B-00C04F79EFBC}") = "LightServer.iOS", "iOS\LightServer.iOS.csproj", "{0E3B5351-A570-472E-92EF-105368F56044}"
EndProject
Project("{FAE04EC0-301F-11D3-BF4B-00C04F79EFBC}") = "LightServer.Droid", "Droid\LightServer.Droid.csproj", "{9841A52E-4906-4680-8610-EC1F45FD88FA}"
EndProject
Global
	GlobalSection(SolutionConfigurationPlatforms) = preSolution
		Debug|Any CPU = Debug|Any CPU
		Release|Any CPU = Release|Any CPU
		Debug|iPhoneSimulator = Debug|iPhoneSimulator
		Release|iPhoneSimulator = Release|iPhoneSimulator
		Debug|iPhone = Debug|iPhone
		Release|iPhone = Release|iPhone
		Ad-Hoc|iPhone = Ad-Hoc|iPhone
		AppStore|iPhone = AppStore|iPhone
	EndGlobalSection
	GlobalSection(ProjectConfigurationPlatforms) = postSolution
		{0E3B5351-A570-472E-92EF-105368F56044}.Ad-Hoc|iPhone.ActiveCfg = Ad-Hoc|iPhone
		{0E3B5351-A570-472E-92EF-105368F56044}.Ad-Hoc|iPhone.Build.0 = Ad-Hoc|iPhone
		{0E3B5351-A570-472E-92EF-105368F56044}.AppStore|iPhone.ActiveCfg = AppStore|iPhone
		{0E3B5351-A570-472E-92EF-105368F56044}.AppStore|iPhone.Build.0 = AppStore|iPhone
		{0E3B5351-A570-472E-92EF-105368F56044}.Debug|Any CPU.ActiveCfg = Debug|iPhoneSimulator
		{0E3B5351-A570-472E-92EF-105368F56044}.Debug|Any CPU.Build.0 = Debug|iPhoneSimulator
		{0E3B5351-A570-472E-92EF-105368F56044}.Debug|iPhone.ActiveCfg = Debug|iPhone
		{0E3B5351-A570-472E-92EF-105368F56044}.Debug|iPhone.Build.0 = Debug|iPhone
		{0E3B5351-A570-472E-92EF-105368F56044}.Debug|iPhoneSimulator.ActiveCfg = Debug|iPhoneSimulator
		{0E3B5351-A570-472E-92EF-105368F56044}.Debug|iPhoneSimulator.Build.0 = Debug|iPhoneSimulator
		{0E3B5351-A570-472E-92EF-105368F56044}.Release|Any CPU.ActiveCfg = Release|iPhoneSimulator
		{0E3B5351-A570-472E-92EF-105368F56044}.Release|Any CPU.Build.0 = Release|iPhoneSimulator
		{0E3B5351-A570-472E-92EF-105368F56044}.Release|iPhone.ActiveCfg = Release|iPhone
		{0E3B5351-A570-472E-92EF-105368F56044}.Release|iPhone.Build.0 = Release|iPhone
		{0E3B5351-A570-472E-92EF-105368F56044}.Release|iPhoneSimulator.ActiveCfg = Release|iPhoneSimulator
		{0E3B5351-A570-472E-92EF-105368F56044}.Release|iPhoneSimulator.Build.0 = Release|iPhoneSimulator
		{8246EBF0-1BD1-401F-8677-35949A8DD93A}.Ad-Hoc|iPhone.ActiveCfg = Debug|Any CPU
		{8246EBF0-1BD1-401F-8677-35949A8DD93A}.Ad-Hoc|iPhone.Build.0 = Debug|Any CPU
		{8246EBF0-1BD1-401F-8677-35949A8DD93A}.AppStore|iPhone.ActiveCfg = Debug|Any CPU
		{8246EBF0-1BD1-401F-8677-35949A8DD93A}.AppStore|iPhone.Build.0 = Debug|Any CPU
		{8246EBF0-1BD1-401F-8677-35949A8DD93A}.Debug|Any CPU.ActiveCfg = Debug|Any CPU
		{8246EBF0-1BD1-401F-8677-35949A8DD93A}.Debug|Any CPU.Build.0 = Debug|Any CPU
		{8246EBF0-1BD1-401F-8677-35949A8DD93A}.Debug|iPhone.ActiveCfg = Debug|Any CPU
		{8246EBF0-1BD1-401F-8677-35949A8DD93A}.Debug|iPhone.Build.0 = Debug|Any CPU
		{8246EBF0-1BD1-401F-8677-35949A8DD93A}.Debug|iPhoneSimulator.ActiveCfg = Debug|Any CPU
		{8246EBF0-1BD1-401F-8677-35949A8DD93A}.Debug|iPhoneSimulator.Build.0 = Debug|Any CPU
		{8246EBF0-1BD1-401F-8677-35949A8DD93A}.Release|Any CPU.ActiveCfg = Release|Any CPU
		{8246EBF0-1BD1-401F-8677-35949A8DD93A}.Release|Any CPU.Build.0 = Release|Any CPU
		{8246EBF0-1BD1-401F-8677-35949A8DD93A}.Release|iPhone.ActiveCfg = Release|Any CPU
		{8246EBF0-1BD1-401F-8677-35949A8DD93A}.Release|iPhone.Build.0 = Release|Any CPU
		{8246EBF0-1BD1-401F-8677-35949A8DD93A}.Release|iPhoneSimulator.ActiveCfg = Release|Any CPU
		{8246EBF0-1BD1-401F-8677-35949A8DD93A}.Release|iPhoneSimulator.Build.0 = Release|Any CPU
		{9841A52E-4906-4680-8610-EC1F45FD88FA}.Ad-Hoc|iPhone.ActiveCfg = Release|Any CPU
		{9841A52E-4906-4680-8610-EC1F45FD88FA}.Ad-Hoc|iPhone.Build.0 = Release|Any CPU
		{9841A52E-4906-4680-8610-EC1F45FD88FA}.AppStore|iPhone.ActiveCfg = Release|Any CPU
		{9841A52E-4906-4680-8610-EC1F45FD88FA}.AppStore|iPhone.Build.0 = Release|Any CPU
		{9841A52E-4906-4680-8610-EC1F45FD88FA}.Debug|Any CPU.ActiveCfg = Debug|Any CPU
		{9841A52E-4906-4680-8610-EC1F45FD88FA}.Debug|Any CPU.Build.0 = Debug|Any CPU
		{9841A52E-4906-4680-8610-EC1F45FD88FA}.Debug|iPhone.ActiveCfg = Debug|Any CPU
		{9841A52E-4906-4680-8610-EC1F45FD88FA}.Debug|iPhone.Build.0 = Debug|Any CPU
		{9841A52E-4906-4680-8610-EC1F45FD88FA}.Debug|iPhoneSimulator.ActiveCfg = Debug|Any CPU
		{9841A52E-4906-4680-8610-EC1F45FD88FA}.Debug|iPhoneSimulator.Build.0 = Debug|Any CPU
		{9841A52E-4906-4680-8610-EC1F45FD88FA}.Release|Any CPU.ActiveCfg = Release|Any CPU
		{9841A52E-4906-4680-8610-EC1F45FD88FA}.Release|Any CPU.Build.0 = Release|Any CPU
		{9841A52E-4906-4680-8610-EC1F45FD88FA}.Release|iPhone.ActiveCfg = Release|Any CPU
		{9841A52E-4906-4680-8610-EC1F45FD88FA}.Release|iPhone.Build.0 = Release|Any CPU
		{9841A52E-4906-4680-8610-EC1F45FD88FA}.Release|iPhoneSimulator.ActiveCfg = Release|Any CPU
		{9841A52E-4906-4680-8610-EC1F45FD88FA}.Release|iPhoneSimulator.Build.0 = Release|Any CPU
	EndGlobalSection
EndGlobal
